
Microsoft Visual Studio Solution File, Format Version 12.00
# Visual Studio Version 17
VisualStudioVersion = 17.4.33205.214
MinimumVisualStudioVersion = 10.0.40219.1
Project("{FAE04EC0-301F-11D3-BF4B-00C04F79EFBC}") = "ClassLibrary1", "ClassLibrary1\ClassLibrary1.csproj", "{2F99B7A3-6097-4869-B00D-6F0E82D3615D}"
EndProject
Project("{FAE04EC0-301F-11D3-BF4B-00C04F79EFBC}") = "UnitTestProject1", "UnitTestProject1\UnitTestProject1.csproj", "{ADD16D82-384C-424D-A76B-B1E2400954C3}"
EndProject
Global
	GlobalSection(SolutionConfigurationPlatforms) = preSolution
		Debug|Any CPU = Debug|Any CPU
		Release|Any CPU = Release|Any CPU
	EndGlobalSection
	GlobalSection(ProjectConfigurationPlatforms) = postSolution
		{2F99B7A3-6097-4869-B00D-6F0E82D3615D}.Debug|Any CPU.ActiveCfg = Debug|Any CPU
		{2F99B7A3-6097-4869-B00D-6F0E82D3615D}.Debug|Any CPU.Build.0 = Debug|Any CPU
		{2F99B7A3-6097-4869-B00D-6F0E82D3615D}.Release|Any CPU.ActiveCfg = Release|Any CPU
		{2F99B7A3-6097-4869-B00D-6F0E82D3615D}.Release|Any CPU.Build.0 = Release|Any CPU
		{ADD16D82-384C-424D-A76B-B1E2400954C3}.Debug|Any CPU.ActiveCfg = Debug|Any CPU
		{ADD16D82-384C-424D-A76B-B1E2400954C3}.Debug|Any CPU.Build.0 = Debug|Any CPU
		{ADD16D82-384C-424D-A76B-B1E2400954C3}.Release|Any CPU.ActiveCfg = Release|Any CPU
		{ADD16D82-384C-424D-A76B-B1E2400954C3}.Release|Any CPU.Build.0 = Release|Any CPU
	EndGlobalSection
	GlobalSection(SolutionProperties) = preSolution
		HideSolutionNode = FALSE
	EndGlobalSection
	GlobalSection(ExtensibilityGlobals) = postSolution
		SolutionGuid = {1BC0AD04-9FFE-4B79-AFB6-83F2C2BD1F45}
	EndGlobalSection
EndGlobal
