
Microsoft Visual Studio Solution File, Format Version 12.00
# Visual Studio 15
VisualStudioVersion = 15.0.28307.1705
MinimumVisualStudioVersion = 10.0.40219.1
Project("{FAE04EC0-301F-11D3-BF4B-00C04F79EFBC}") = "TDD.UI", "TDD.UI\TDD.UI.csproj", "{5DF7022F-C8B4-435B-B9C1-BCEE30C804AA}"
EndProject
Project("{FAE04EC0-301F-11D3-BF4B-00C04F79EFBC}") = "TDDTest.Tests", "TDD.Test.Tests\TDDTest.Tests.csproj", "{ED4F292D-ADBC-48F0-AA72-196DAE960695}"
EndProject
Global
	GlobalSection(SolutionConfigurationPlatforms) = preSolution
		Debug|Any CPU = Debug|Any CPU
		Release|Any CPU = Release|Any CPU
	EndGlobalSection
	GlobalSection(ProjectConfigurationPlatforms) = postSolution
		{5DF7022F-C8B4-435B-B9C1-BCEE30C804AA}.Debug|Any CPU.ActiveCfg = Debug|Any CPU
		{5DF7022F-C8B4-435B-B9C1-BCEE30C804AA}.Debug|Any CPU.Build.0 = Debug|Any CPU
		{5DF7022F-C8B4-435B-B9C1-BCEE30C804AA}.Release|Any CPU.ActiveCfg = Release|Any CPU
		{5DF7022F-C8B4-435B-B9C1-BCEE30C804AA}.Release|Any CPU.Build.0 = Release|Any CPU
		{ED4F292D-ADBC-48F0-AA72-196DAE960695}.Debug|Any CPU.ActiveCfg = Debug|Any CPU
		{ED4F292D-ADBC-48F0-AA72-196DAE960695}.Debug|Any CPU.Build.0 = Debug|Any CPU
		{ED4F292D-ADBC-48F0-AA72-196DAE960695}.Release|Any CPU.ActiveCfg = Release|Any CPU
		{ED4F292D-ADBC-48F0-AA72-196DAE960695}.Release|Any CPU.Build.0 = Release|Any CPU
	EndGlobalSection
	GlobalSection(SolutionProperties) = preSolution
		HideSolutionNode = FALSE
	EndGlobalSection
	GlobalSection(ExtensibilityGlobals) = postSolution
		SolutionGuid = {294002BF-CF85-4498-ABCE-7E7F67343251}
	EndGlobalSection
EndGlobal
